{
  "version": 4,
  "terraform_version": "0.12.12",
  "serial": 21,
  "lineage": "665895ee-c299-60e4-a2f8-bbf6b2c92c21",
  "outputs": {
    "AdminGroupARN": {
      "value": "arn:aws:iam::471610352649:group/admins",
      "type": "string"
    },
    "AdminGroupID": {
      "value": "admins",
      "type": "string"
    },
    "AdminGroupName": {
      "value": "admins",
      "type": "string"
    },
    "UserName": {
      "value": "ram",
      "type": "string"
    },
    "UserTags": {
      "value": {
        "name": "ram"
      },
      "type": [
        "map",
        "string"
      ]
    }
  },
  "resources": [
    {
      "module": "module.iam",
      "mode": "managed",
      "type": "aws_iam_group",
      "name": "admins",
      "provider": "provider.aws",
      "instances": [
        {
          "schema_version": 0,
          "attributes": {
            "arn": "arn:aws:iam::471610352649:group/admins",
            "id": "admins",
            "name": "admins",
            "path": "/",
            "unique_id": "AGPAW3TRK4QETGE7EJWDH"
          },
          "private": "bnVsbA=="
        }
      ]
    },
    {
      "module": "module.iam",
      "mode": "managed",
      "type": "aws_iam_group_policy_attachment",
      "name": "AdminPolicy",
      "provider": "provider.aws",
      "instances": [
        {
          "schema_version": 0,
          "attributes": {
            "group": "admins",
            "id": "admins-20191105171008889700000001",
            "policy_arn": "arn:aws:iam::aws:policy/AdministratorAccess"
          },
          "private": "bnVsbA==",
          "depends_on": [
            "aws_iam_group.admins"
          ]
        }
      ]
    },
    {
      "module": "module.users",
      "mode": "managed",
      "type": "aws_iam_user",
      "name": "ram",
      "provider": "provider.aws",
      "instances": [
        {
          "schema_version": 0,
          "attributes": {
            "arn": "arn:aws:iam::471610352649:user/ram",
            "force_destroy": false,
            "id": "ram",
            "name": "ram",
            "path": "/",
            "permissions_boundary": null,
            "tags": {
              "name": "ram"
            },
            "unique_id": "AIDAW3TRK4QEQ6MC22J3V"
          },
          "private": "bnVsbA=="
        }
      ]
    },
    {
      "module": "module.users",
      "mode": "managed",
      "type": "aws_iam_user_group_membership",
      "name": "admins",
      "provider": "provider.aws",
      "instances": [
        {
          "schema_version": 0,
          "attributes": {
            "groups": [
              "admins"
            ],
            "id": "terraform-20191105171010778300000002",
            "user": "ram"
          },
          "private": "bnVsbA=="
        }
      ]
    }
  ]
}
